
Microsoft Visual Studio Solution File, Format Version 12.00
# Visual Studio Version 16
VisualStudioVersion = 16.0.29613.14
MinimumVisualStudioVersion = 10.0.40219.1
Project("{FAE04EC0-301F-11D3-BF4B-00C04F79EFBC}") = "PasswordManagerForm", "PasswordManager\PasswordManagerForm.csproj", "{84EF4E0D-691A-4C9A-970D-5085EB903F53}"
EndProject
Project("{FAE04EC0-301F-11D3-BF4B-00C04F79EFBC}") = "PasswordManagerLibrary", "PasswordManagerLibrary\PasswordManagerLibrary.csproj", "{CA8517BF-2C8F-4F3C-B044-EEC3008A54EF}"
EndProject
Global
	GlobalSection(SolutionConfigurationPlatforms) = preSolution
		Debug|Any CPU = Debug|Any CPU
		Release|Any CPU = Release|Any CPU
	EndGlobalSection
	GlobalSection(ProjectConfigurationPlatforms) = postSolution
		{84EF4E0D-691A-4C9A-970D-5085EB903F53}.Debug|Any CPU.ActiveCfg = Debug|Any CPU
		{84EF4E0D-691A-4C9A-970D-5085EB903F53}.Debug|Any CPU.Build.0 = Debug|Any CPU
		{84EF4E0D-691A-4C9A-970D-5085EB903F53}.Release|Any CPU.ActiveCfg = Release|Any CPU
		{84EF4E0D-691A-4C9A-970D-5085EB903F53}.Release|Any CPU.Build.0 = Release|Any CPU
		{CA8517BF-2C8F-4F3C-B044-EEC3008A54EF}.Debug|Any CPU.ActiveCfg = Debug|Any CPU
		{CA8517BF-2C8F-4F3C-B044-EEC3008A54EF}.Debug|Any CPU.Build.0 = Debug|Any CPU
		{CA8517BF-2C8F-4F3C-B044-EEC3008A54EF}.Release|Any CPU.ActiveCfg = Release|Any CPU
		{CA8517BF-2C8F-4F3C-B044-EEC3008A54EF}.Release|Any CPU.Build.0 = Release|Any CPU
	EndGlobalSection
	GlobalSection(SolutionProperties) = preSolution
		HideSolutionNode = FALSE
	EndGlobalSection
	GlobalSection(ExtensibilityGlobals) = postSolution
		SolutionGuid = {C08FF86C-2EBB-48AB-8323-86D53AA53CBA}
	EndGlobalSection
EndGlobal
